// !$*UTF8*$!
{
	archiveVersion = 1;
	classes = {
	};
	objectVersion = 48;
	objects = {

/* Begin PBXBuildFile section */
		D66C97111F28EA1C00A9C826 /* AppDelegate.swift in Sources */ = {isa = PBXBuildFile; fileRef = D66C97101F28EA1C00A9C826 /* AppDelegate.swift */; };
		D66C97131F28EA1C00A9C826 /* ViewController.swift in Sources */ = {isa = PBXBuildFile; fileRef = D66C97121F28EA1C00A9C826 /* ViewController.swift */; };
		D66C97161F28EA1C00A9C826 /* Main.storyboard in Resources */ = {isa = PBXBuildFile; fileRef = D66C97141F28EA1C00A9C826 /* Main.storyboard */; };
		D66C97181F28EA1C00A9C826 /* Assets.xcassets in Resources */ = {isa = PBXBuildFile; fileRef = D66C97171F28EA1C00A9C826 /* Assets.xcassets */; };
		D66C971B1F28EA1C00A9C826 /* LaunchScreen.storyboard in Resources */ = {isa = PBXBuildFile; fileRef = D66C97191F28EA1C00A9C826 /* LaunchScreen.storyboard */; };
/* End PBXBuildFile section */

/* Begin PBXFileReference section */
		D66C970D1F28EA1C00A9C826 /* VerticalTry.app */ = {isa = PBXFileReference; explicitFileType = wrapper.application; includeInIndex = 0; path = VerticalTry.app; sourceTree = BUILT_PRODUCTS_DIR; };
		D66C97101F28EA1C00A9C826 /* AppDelegate.swift */ = {isa = PBXFileReference; lastKnownFileType = sourcecode.swift; path = AppDelegate.swift; sourceTree = "<group>"; };
		D66C97121F28EA1C00A9C826 /* ViewController.swift */ = {isa = PBXFileReference; lastKnownFileType = sourcecode.swift; path = ViewController.swift; sourceTree = "<group>"; };
		D66C97151F28EA1C00A9C826 /* Base */ = {isa = PBXFileReference; lastKnownFileType = file.storyboard; name = Base; path = Base.lproj/Main.storyboard; sourceTree = "<group>"; };
		D66C97171F28EA1C00A9C826 /* Assets.xcassets */ = {isa = PBXFileReference; lastKnownFileType = folder.assetcatalog; path = Assets.xcassets; sourceTree = "<group>"; };
		D66C971A1F28EA1C00A9C826 /* Base */ = {isa = PBXFileReference; lastKnownFileType = file.storyboard; name = Base; path = Base.lproj/LaunchScreen.storyboard; sourceTree = "<group>"; };
		D66C971C1F28EA1C00A9C826 /* Info.plist */ = {isa = PBXFileReference; lastKnownFileType = text.plist.xml; path = Info.plist; sourceTree = "<group>"; };
/* End PBXFileReference section */

/* Begin PBXFrameworksBuildPhase section */
		D66C970A1F28EA1C00A9C826 /* Frameworks */ = {
			isa = PBXFrameworksBuildPhase;
			buildActionMask = 2147483647;
			files = (
			);
			runOnlyForDeploymentPostprocessing = 0;
		};
/* End PBXFrameworksBuildPhase section */

/* Begin PBXGroup section */
		D66C97041F28EA1C00A9C826 = {
			isa = PBXGroup;
			children = (
				D66C970F1F28EA1C00A9C826 /* VerticalTry */,
				D66C970E1F28EA1C00A9C826 /* Products */,
			);
			sourceTree = "<group>";
		};
		D66C970E1F28EA1C00A9C826 /* Products */ = {
			isa = PBXGroup;
			children = (
				D66C970D1F28EA1C00A9C826 /* VerticalTry.app */,
			);
			name = Products;
			sourceTree = "<group>";
		};
		D66C970F1F28EA1C00A9C826 /* VerticalTry */ = {
			isa = PBXGroup;
			children = (
				D66C97101F28EA1C00A9C826 /* AppDelegate.swift */,
				D66C97121F28EA1C00A9C826 /* ViewController.swift */,
				D66C97141F28EA1C00A9C826 /* Main.storyboard */,
				D66C97171F28EA1C00A9C826 /* Assets.xcassets */,
				D66C97191F28EA1C00A9C826 /* LaunchScreen.storyboard */,
				D66C971C1F28EA1C00A9C826 /* Info.plist */,
			);
			path = VerticalTry;
			sourceTree = "<group>";
		};
/* End PBXGroup section */

/* Begin PBXNativeTarget section */
		D66C970C1F28EA1C00A9C826 /* VerticalTry */ = {
			isa = PBXNativeTarget;
			buildConfigurationList = D66C971F1F28EA1C00A9C826 /* Build configuration list for PBXNativeTarget "VerticalTry" */;
			buildPhases = (
				D66C97091F28EA1C00A9C826 /* Sources */,
				D66C970A1F28EA1C00A9C826 /* Frameworks */,
				D66C970B1F28EA1C00A9C826 /* Resources */,
			);
			buildRules = (
			);
			dependencies = (
			);
			name = VerticalTry;
			productName = VerticalTry;
			productReference = D66C970D1F28EA1C00A9C826 /* VerticalTry.app */;
			productType = "com.apple.product-type.application";
		};
/* End PBXNativeTarget section */

/* Begin PBXProject section */
		D66C97051F28EA1C00A9C826 /* Project object */ = {
			isa = PBXProject;
			attributes = {
				LastSwiftUpdateCheck = 0900;
				LastUpgradeCheck = 0900;
				ORGANIZATIONNAME = VisionArray;
				TargetAttributes = {
					D66C970C1F28EA1C00A9C826 = {
						CreatedOnToolsVersion = 9.0;
					};
				};
			};
			buildConfigurationList = D66C97081F28EA1C00A9C826 /* Build configuration list for PBXProject "VerticalTry" */;
			compatibilityVersion = "Xcode 8.0";
			developmentRegion = en;
			hasScannedForEncodings = 0;
			knownRegions = (
				en,
				Base,
			);
			mainGroup = D66C97041F28EA1C00A9C826;
			productRefGroup = D66C970E1F28EA1C00A9C826 /* Products */;
			projectDirPath = "";
			projectRoot = "";
			targets = (
				D66C970C1F28EA1C00A9C826 /* VerticalTry */,
			);
		};
/* End PBXProject section */

/* Begin PBXResourcesBuildPhase section */
		D66C970B1F28EA1C00A9C826 /* Resources */ = {
			isa = PBXResourcesBuildPhase;
			buildActionMask = 2147483647;
			files = (
				D66C971B1F28EA1C00A9C826 /* LaunchScreen.storyboard in Resources */,
				D66C97181F28EA1C00A9C826 /* Assets.xcassets in Resources */,
				D66C97161F28EA1C00A9C826 /* Main.storyboard in Resources */,
			);
			runOnlyForDeploymentPostprocessing = 0;
		};
/* End PBXResourcesBuildPhase section */

/* Begin PBXSourcesBuildPhase section */
		D66C97091F28EA1C00A9C826 /* Sources */ = {
			isa = PBXSourcesBuildPhase;
			buildActionMask = 2147483647;
			files = (
				D66C97131F28EA1C00A9C826 /* ViewController.swift in Sources */,
				D66C97111F28EA1C00A9C826 /* AppDelegate.swift in Sources */,
			);
			runOnlyForDeploymentPostprocessing = 0;
		};
/* End PBXSourcesBuildPhase section */

/* Begin PBXVariantGroup section */
		D66C97141F28EA1C00A9C826 /* Main.storyboard */ = {
			isa = PBXVariantGroup;
			children = (
				D66C97151F28EA1C00A9C826 /* Base */,
			);
			name = Main.storyboard;
			sourceTree = "<group>";
		};
		D66C97191F28EA1C00A9C826 /* LaunchScreen.storyboard */ = {
			isa = PBXVariantGroup;
			children = (
				D66C971A1F28EA1C00A9C826 /* Base */,
			);
			name = LaunchScreen.storyboard;
			sourceTree = "<group>";
		};
/* End PBXVariantGroup section */

/* Begin XCBuildConfiguration section */
		D66C971D1F28EA1C00A9C826 /* Debug */ = {
			isa = XCBuildConfiguration;
			buildSettings = {
				ALWAYS_SEARCH_USER_PATHS = NO;
				CLANG_ANALYZER_NONNULL = YES;
				CLANG_ANALYZER_NUMBER_OBJECT_CONVERSION = YES_AGGRESSIVE;
				CLANG_CXX_LANGUAGE_STANDARD = "gnu++14";
				CLANG_CXX_LIBRARY = "libc++";
				CLANG_ENABLE_MODULES = YES;
				CLANG_ENABLE_OBJC_ARC = YES;
				CLANG_WARN_BLOCK_CAPTURE_AUTORELEASING = YES;
				CLANG_WARN_BOOL_CONVERSION = YES;
				CLANG_WARN_COMMA = YES;
				CLANG_WARN_CONSTANT_CONVERSION = YES;
				CLANG_WARN_DIRECT_OBJC_ISA_USAGE = YES_ERROR;
				CLANG_WARN_DOCUMENTATION_COMMENTS = YES;
				CLANG_WARN_EMPTY_BODY = YES;
				CLANG_WARN_ENUM_CONVERSION = YES;
				CLANG_WARN_INFINITE_RECURSION = YES;
				CLANG_WARN_INT_CONVERSION = YES;
				CLANG_WARN_NON_LITERAL_NULL_CONVERSION = YES;
				CLANG_WARN_OBJC_LITERAL_CONVERSION = YES;
				CLANG_WARN_OBJC_ROOT_CLASS = YES_ERROR;
				CLANG_WARN_RANGE_LOOP_ANALYSIS = YES;
				CLANG_WARN_STRICT_PROTOTYPES = YES;
				CLANG_WARN_SUSPICIOUS_MOVE = YES;
				CLANG_WARN_UNGUARDED_AVAILABILITY = YES_AGGRESSIVE;
				CLANG_WARN_UNREACHABLE_CODE = YES;
				CLANG_WARN__DUPLICATE_METHOD_MATCH = YES;
				CODE_SIGN_IDENTITY = "iPhone Developer";
				COPY_PHASE_STRIP = NO;
				DEBUG_INFORMATION_FORMAT = dwarf;
				ENABLE_STRICT_OBJC_MSGSEND = YES;
				ENABLE_TESTABILITY = YES;
				GCC_C_LANGUAGE_STANDARD = gnu11;
				GCC_DYNAMIC_NO_PIC = NO;
				GCC_NO_COMMON_BLOCKS = YES;
				GCC_OPTIMIZATION_LEVEL = 0;
				GCC_PREPROCESSOR_DEFINITIONS = (
					"DEBUG=1",
					"$(inherited)",
				);
				GCC_WARN_64_TO_32_BIT_CONVERSION = YES;
				GCC_WARN_ABOUT_RETURN_TYPE = YES_ERROR;
				GCC_WARN_UNDECLARED_SELECTOR = YES;
				GCC_WARN_UNINITIALIZED_AUTOS = YES_AGGRESSIVE;
				GCC_WARN_UNUSED_FUNCTION = YES;
				GCC_WARN_UNUSED_VARIABLE = YES;
				IPHONEOS_DEPLOYMENT_TARGET = 11.0;
				MTL_ENABLE_DEBUG_INFO = YES;
				ONLY_ACTIVE_ARCH = YES;
				SDKROOT = iphoneos;
				SWIFT_ACTIVE_COMPILATION_CONDITIONS = DEBUG;
				SWIFT_OPTIMIZATION_LEVEL = "-Onone";
			};
			name = Debug;
		};
		D66C971E1F28EA1C00A9C826 /* Release */ = {
			isa = XCBuildConfiguration;
			buildSettings = {
				ALWAYS_SEARCH_USER_PATHS = NO;
				CLANG_ANALYZER_NONNULL = YES;
				CLANG_ANALYZER_NUMBER_OBJECT_CONVERSION = YES_AGGRESSIVE;
				CLANG_CXX_LANGUAGE_STANDARD = "gnu++14";
				CLANG_CXX_LIBRARY = "libc++";
				CLANG_ENABLE_MODULES = YES;
				CLANG_ENABLE_OBJC_ARC = YES;
				CLANG_WARN_BLOCK_CAPTURE_AUTORELEASING = YES;
				CLANG_WARN_BOOL_CONVERSION = YES;
				CLANG_WARN_COMMA = YES;
				CLANG_WARN_CONSTANT_CONVERSION = YES;
				CLANG_WARN_DIRECT_OBJC_ISA_USAGE = YES_ERROR;
				CLANG_WARN_DOCUMENTATION_COMMENTS = YES;
				CLANG_WARN_EMPTY_BODY = YES;
				CLANG_WARN_ENUM_CONVERSION = YES;
				CLANG_WARN_INFINITE_RECURSION = YES;
				CLANG_WARN_INT_CONVERSION = YES;
				CLANG_WARN_NON_LITERAL_NULL_CONVERSION = YES;
				CLANG_WARN_OBJC_LITERAL_CONVERSION = YES;
				CLANG_WARN_OBJC_ROOT_CLASS = YES_ERROR;
				CLANG_WARN_RANGE_LOOP_ANALYSIS = YES;
				CLANG_WARN_STRICT_PROTOTYPES = YES;
				CLANG_WARN_SUSPICIOUS_MOVE = YES;
				CLANG_WARN_UNGUARDED_AVAILABILITY = YES_AGGRESSIVE;
				CLANG_WARN_UNREACHABLE_CODE = YES;
				CLANG_WARN__DUPLICATE_METHOD_MATCH = YES;
				CODE_SIGN_IDENTITY = "iPhone Developer";
				COPY_PHASE_STRIP = NO;
				DEBUG_INFORMATION_FORMAT = "dwarf-with-dsym";
				ENABLE_NS_ASSERTIONS = NO;
				ENABLE_STRICT_OBJC_MSGSEND = YES;
				GCC_C_LANGUAGE_STANDARD = gnu11;
				GCC_NO_COMMON_BLOCKS = YES;
				GCC_WARN_64_TO_32_BIT_CONVERSION = YES;
				GCC_WARN_ABOUT_RETURN_TYPE = YES_ERROR;
				GCC_WARN_UNDECLARED_SELECTOR = YES;
				GCC_WARN_UNINITIALIZED_AUTOS = YES_AGGRESSIVE;
				GCC_WARN_UNUSED_FUNCTION = YES;
				GCC_WARN_UNUSED_VARIABLE = YES;
				IPHONEOS_DEPLOYMENT_TARGET = 11.0;
				MTL_ENABLE_DEBUG_INFO = NO;
				SDKROOT = iphoneos;
				SWIFT_OPTIMIZATION_LEVEL = "-Owholemodule";
				VALIDATE_PRODUCT = YES;
			};
			name = Release;
		};
		D66C97201F28EA1C00A9C826 /* Debug */ = {
			isa = XCBuildConfiguration;
			buildSettings = {
				ASSETCATALOG_COMPILER_APPICON_NAME = AppIcon;
				DEVELOPMENT_TEAM = 2CY38GJLA6;
				INFOPLIST_FILE = VerticalTry/Info.plist;
				LD_RUNPATH_SEARCH_PATHS = "$(inherited) @executable_path/Frameworks";
				PRODUCT_BUNDLE_IDENTIFIER = In.VisionArray.VerticalTry;
				PRODUCT_NAME = "$(TARGET_NAME)";
				SWIFT_VERSION = 4.0;
				TARGETED_DEVICE_FAMILY = "1,2";
			};
			name = Debug;
		};
		D66C97211F28EA1C00A9C826 /* Release */ = {
			isa = XCBuildConfiguration;
			buildSettings = {
				ASSETCATALOG_COMPILER_APPICON_NAME = AppIcon;
				DEVELOPMENT_TEAM = 2CY38GJLA6;
				INFOPLIST_FILE = VerticalTry/Info.plist;
				LD_RUNPATH_SEARCH_PATHS = "$(inherited) @executable_path/Frameworks";
				PRODUCT_BUNDLE_IDENTIFIER = In.VisionArray.VerticalTry;
				PRODUCT_NAME = "$(TARGET_NAME)";
				SWIFT_VERSION = 4.0;
				TARGETED_DEVICE_FAMILY = "1,2";
			};
			name = Release;
		};
/* End XCBuildConfiguration section */

/* Begin XCConfigurationList section */
		D66C97081F28EA1C00A9C826 /* Build configuration list for PBXProject "VerticalTry" */ = {
			isa = XCConfigurationList;
			buildConfigurations = (
				D66C971D1F28EA1C00A9C826 /* Debug */,
				D66C971E1F28EA1C00A9C826 /* Release */,
			);
			defaultConfigurationIsVisible = 0;
			defaultConfigurationName = Release;
		};
		D66C971F1F28EA1C00A9C826 /* Build configuration list for PBXNativeTarget "VerticalTry" */ = {
			isa = XCConfigurationList;
			buildConfigurations = (
				D66C97201F28EA1C00A9C826 /* Debug */,
				D66C97211F28EA1C00A9C826 /* Release */,
			);
			defaultConfigurationIsVisible = 0;
			defaultConfigurationName = Release;
		};
/* End XCConfigurationList section */
	};
	rootObject = D66C97051F28EA1C00A9C826 /* Project object */;
}
